// !$*UTF8*$!
{
	archiveVersion = 1;
	classes = {
	};
	objectVersion = 50;
	objects = {

/* Begin PBXBuildFile section */
		39229A3120C443E80068F940 /* ServiceManager.swift in Sources */ = {isa = PBXBuildFile; fileRef = 39229A3020C443E80068F940 /* ServiceManager.swift */; };
		39229A3920C444670068F940 /* ServiceError.swift in Sources */ = {isa = PBXBuildFile; fileRef = 39229A3820C444670068F940 /* ServiceError.swift */; };
		39229A3B20C4447D0068F940 /* Data.swift in Sources */ = {isa = PBXBuildFile; fileRef = 39229A3A20C4447D0068F940 /* Data.swift */; };
		39229A3D20C444A40068F940 /* RequestEncoder.swift in Sources */ = {isa = PBXBuildFile; fileRef = 39229A3C20C444A40068F940 /* RequestEncoder.swift */; };
		39229A3F20C444B60068F940 /* RequestType.swift in Sources */ = {isa = PBXBuildFile; fileRef = 39229A3E20C444B60068F940 /* RequestType.swift */; };
		39229A4120C444E40068F940 /* InternetConnection.swift in Sources */ = {isa = PBXBuildFile; fileRef = 39229A4020C444E40068F940 /* InternetConnection.swift */; };
/* End PBXBuildFile section */

/* Begin PBXCopyFilesBuildPhase section */
		39229A2B20C443E80068F940 /* CopyFiles */ = {
			isa = PBXCopyFilesBuildPhase;
			buildActionMask = 2147483647;
			dstPath = "include/$(PRODUCT_NAME)";
			dstSubfolderSpec = 16;
			files = (
			);
			runOnlyForDeploymentPostprocessing = 0;
		};
/* End PBXCopyFilesBuildPhase section */

/* Begin PBXFileReference section */
		39229A2D20C443E80068F940 /* libServiceManager.a */ = {isa = PBXFileReference; explicitFileType = archive.ar; includeInIndex = 0; path = libServiceManager.a; sourceTree = BUILT_PRODUCTS_DIR; };
		39229A3020C443E80068F940 /* ServiceManager.swift */ = {isa = PBXFileReference; lastKnownFileType = sourcecode.swift; path = ServiceManager.swift; sourceTree = "<group>"; };
		39229A3820C444670068F940 /* ServiceError.swift */ = {isa = PBXFileReference; lastKnownFileType = sourcecode.swift; path = ServiceError.swift; sourceTree = "<group>"; };
		39229A3A20C4447D0068F940 /* Data.swift */ = {isa = PBXFileReference; lastKnownFileType = sourcecode.swift; path = Data.swift; sourceTree = "<group>"; };
		39229A3C20C444A40068F940 /* RequestEncoder.swift */ = {isa = PBXFileReference; lastKnownFileType = sourcecode.swift; path = RequestEncoder.swift; sourceTree = "<group>"; };
		39229A3E20C444B60068F940 /* RequestType.swift */ = {isa = PBXFileReference; lastKnownFileType = sourcecode.swift; path = RequestType.swift; sourceTree = "<group>"; };
		39229A4020C444E40068F940 /* InternetConnection.swift */ = {isa = PBXFileReference; lastKnownFileType = sourcecode.swift; path = InternetConnection.swift; sourceTree = "<group>"; };
/* End PBXFileReference section */

/* Begin PBXFrameworksBuildPhase section */
		39229A2A20C443E80068F940 /* Frameworks */ = {
			isa = PBXFrameworksBuildPhase;
			buildActionMask = 2147483647;
			files = (
			);
			runOnlyForDeploymentPostprocessing = 0;
		};
/* End PBXFrameworksBuildPhase section */

/* Begin PBXGroup section */
		39229A2420C443E80068F940 = {
			isa = PBXGroup;
			children = (
				39229A2F20C443E80068F940 /* ServiceManager */,
				39229A2E20C443E80068F940 /* Products */,
			);
			sourceTree = "<group>";
		};
		39229A2E20C443E80068F940 /* Products */ = {
			isa = PBXGroup;
			children = (
				39229A2D20C443E80068F940 /* libServiceManager.a */,
			);
			name = Products;
			sourceTree = "<group>";
		};
		39229A2F20C443E80068F940 /* ServiceManager */ = {
			isa = PBXGroup;
			children = (
				39229A3020C443E80068F940 /* ServiceManager.swift */,
				39229A3720C4443D0068F940 /* Support */,
			);
			path = ServiceManager;
			sourceTree = "<group>";
		};
		39229A3720C4443D0068F940 /* Support */ = {
			isa = PBXGroup;
			children = (
				39229A3820C444670068F940 /* ServiceError.swift */,
				39229A4020C444E40068F940 /* InternetConnection.swift */,
				39229A3A20C4447D0068F940 /* Data.swift */,
				39229A3C20C444A40068F940 /* RequestEncoder.swift */,
				39229A3E20C444B60068F940 /* RequestType.swift */,
			);
			path = Support;
			sourceTree = "<group>";
		};
/* End PBXGroup section */

/* Begin PBXNativeTarget section */
		39229A2C20C443E80068F940 /* ServiceManager */ = {
			isa = PBXNativeTarget;
			buildConfigurationList = 39229A3420C443E80068F940 /* Build configuration list for PBXNativeTarget "ServiceManager" */;
			buildPhases = (
				39229A2920C443E80068F940 /* Sources */,
				39229A2A20C443E80068F940 /* Frameworks */,
				39229A2B20C443E80068F940 /* CopyFiles */,
			);
			buildRules = (
			);
			dependencies = (
			);
			name = ServiceManager;
			productName = ServiceManager;
			productReference = 39229A2D20C443E80068F940 /* libServiceManager.a */;
			productType = "com.apple.product-type.library.static";
		};
/* End PBXNativeTarget section */

/* Begin PBXProject section */
		39229A2520C443E80068F940 /* Project object */ = {
			isa = PBXProject;
			attributes = {
				LastSwiftUpdateCheck = 0940;
				LastUpgradeCheck = 0940;
				ORGANIZATIONNAME = "Bogdan Filippov";
				TargetAttributes = {
					39229A2C20C443E80068F940 = {
						CreatedOnToolsVersion = 9.4;
					};
				};
			};
			buildConfigurationList = 39229A2820C443E80068F940 /* Build configuration list for PBXProject "ServiceManager" */;
			compatibilityVersion = "Xcode 9.3";
			developmentRegion = en;
			hasScannedForEncodings = 0;
			knownRegions = (
				en,
			);
			mainGroup = 39229A2420C443E80068F940;
			productRefGroup = 39229A2E20C443E80068F940 /* Products */;
			projectDirPath = "";
			projectRoot = "";
			targets = (
				39229A2C20C443E80068F940 /* ServiceManager */,
			);
		};
/* End PBXProject section */

/* Begin PBXSourcesBuildPhase section */
		39229A2920C443E80068F940 /* Sources */ = {
			isa = PBXSourcesBuildPhase;
			buildActionMask = 2147483647;
			files = (
				39229A4120C444E40068F940 /* InternetConnection.swift in Sources */,
				39229A3D20C444A40068F940 /* RequestEncoder.swift in Sources */,
				39229A3920C444670068F940 /* ServiceError.swift in Sources */,
				39229A3B20C4447D0068F940 /* Data.swift in Sources */,
				39229A3120C443E80068F940 /* ServiceManager.swift in Sources */,
				39229A3F20C444B60068F940 /* RequestType.swift in Sources */,
			);
			runOnlyForDeploymentPostprocessing = 0;
		};
/* End PBXSourcesBuildPhase section */

/* Begin XCBuildConfiguration section */
		39229A3220C443E80068F940 /* Debug */ = {
			isa = XCBuildConfiguration;
			buildSettings = {
				ALWAYS_SEARCH_USER_PATHS = NO;
				CLANG_ANALYZER_NONNULL = YES;
				CLANG_ANALYZER_NUMBER_OBJECT_CONVERSION = YES_AGGRESSIVE;
				CLANG_CXX_LANGUAGE_STANDARD = "gnu++14";
				CLANG_CXX_LIBRARY = "libc++";
				CLANG_ENABLE_MODULES = YES;
				CLANG_ENABLE_OBJC_ARC = YES;
				CLANG_ENABLE_OBJC_WEAK = YES;
				CLANG_WARN_BLOCK_CAPTURE_AUTORELEASING = YES;
				CLANG_WARN_BOOL_CONVERSION = YES;
				CLANG_WARN_COMMA = YES;
				CLANG_WARN_CONSTANT_CONVERSION = YES;
				CLANG_WARN_DEPRECATED_OBJC_IMPLEMENTATIONS = YES;
				CLANG_WARN_DIRECT_OBJC_ISA_USAGE = YES_ERROR;
				CLANG_WARN_DOCUMENTATION_COMMENTS = YES;
				CLANG_WARN_EMPTY_BODY = YES;
				CLANG_WARN_ENUM_CONVERSION = YES;
				CLANG_WARN_INFINITE_RECURSION = YES;
				CLANG_WARN_INT_CONVERSION = YES;
				CLANG_WARN_NON_LITERAL_NULL_CONVERSION = YES;
				CLANG_WARN_OBJC_IMPLICIT_RETAIN_SELF = YES;
				CLANG_WARN_OBJC_LITERAL_CONVERSION = YES;
				CLANG_WARN_OBJC_ROOT_CLASS = YES_ERROR;
				CLANG_WARN_RANGE_LOOP_ANALYSIS = YES;
				CLANG_WARN_STRICT_PROTOTYPES = YES;
				CLANG_WARN_SUSPICIOUS_MOVE = YES;
				CLANG_WARN_UNGUARDED_AVAILABILITY = YES_AGGRESSIVE;
				CLANG_WARN_UNREACHABLE_CODE = YES;
				CLANG_WARN__DUPLICATE_METHOD_MATCH = YES;
				CODE_SIGN_IDENTITY = "iPhone Developer";
				COPY_PHASE_STRIP = NO;
				DEBUG_INFORMATION_FORMAT = dwarf;
				ENABLE_STRICT_OBJC_MSGSEND = YES;
				ENABLE_TESTABILITY = YES;
				GCC_C_LANGUAGE_STANDARD = gnu11;
				GCC_DYNAMIC_NO_PIC = NO;
				GCC_NO_COMMON_BLOCKS = YES;
				GCC_OPTIMIZATION_LEVEL = 0;
				GCC_PREPROCESSOR_DEFINITIONS = (
					"DEBUG=1",
					"$(inherited)",
				);
				GCC_WARN_64_TO_32_BIT_CONVERSION = YES;
				GCC_WARN_ABOUT_RETURN_TYPE = YES_ERROR;
				GCC_WARN_UNDECLARED_SELECTOR = YES;
				GCC_WARN_UNINITIALIZED_AUTOS = YES_AGGRESSIVE;
				GCC_WARN_UNUSED_FUNCTION = YES;
				GCC_WARN_UNUSED_VARIABLE = YES;
				IPHONEOS_DEPLOYMENT_TARGET = 10.0;
				MTL_ENABLE_DEBUG_INFO = YES;
				ONLY_ACTIVE_ARCH = YES;
				SDKROOT = iphoneos;
				SWIFT_ACTIVE_COMPILATION_CONDITIONS = DEBUG;
				SWIFT_OPTIMIZATION_LEVEL = "-Onone";
			};
			name = Debug;
		};
		39229A3320C443E80068F940 /* Release */ = {
			isa = XCBuildConfiguration;
			buildSettings = {
				ALWAYS_SEARCH_USER_PATHS = NO;
				CLANG_ANALYZER_NONNULL = YES;
				CLANG_ANALYZER_NUMBER_OBJECT_CONVERSION = YES_AGGRESSIVE;
				CLANG_CXX_LANGUAGE_STANDARD = "gnu++14";
				CLANG_CXX_LIBRARY = "libc++";
				CLANG_ENABLE_MODULES = YES;
				CLANG_ENABLE_OBJC_ARC = YES;
				CLANG_ENABLE_OBJC_WEAK = YES;
				CLANG_WARN_BLOCK_CAPTURE_AUTORELEASING = YES;
				CLANG_WARN_BOOL_CONVERSION = YES;
				CLANG_WARN_COMMA = YES;
				CLANG_WARN_CONSTANT_CONVERSION = YES;
				CLANG_WARN_DEPRECATED_OBJC_IMPLEMENTATIONS = YES;
				CLANG_WARN_DIRECT_OBJC_ISA_USAGE = YES_ERROR;
				CLANG_WARN_DOCUMENTATION_COMMENTS = YES;
				CLANG_WARN_EMPTY_BODY = YES;
				CLANG_WARN_ENUM_CONVERSION = YES;
				CLANG_WARN_INFINITE_RECURSION = YES;
				CLANG_WARN_INT_CONVERSION = YES;
				CLANG_WARN_NON_LITERAL_NULL_CONVERSION = YES;
				CLANG_WARN_OBJC_IMPLICIT_RETAIN_SELF = YES;
				CLANG_WARN_OBJC_LITERAL_CONVERSION = YES;
				CLANG_WARN_OBJC_ROOT_CLASS = YES_ERROR;
				CLANG_WARN_RANGE_LOOP_ANALYSIS = YES;
				CLANG_WARN_STRICT_PROTOTYPES = YES;
				CLANG_WARN_SUSPICIOUS_MOVE = YES;
				CLANG_WARN_UNGUARDED_AVAILABILITY = YES_AGGRESSIVE;
				CLANG_WARN_UNREACHABLE_CODE = YES;
				CLANG_WARN__DUPLICATE_METHOD_MATCH = YES;
				CODE_SIGN_IDENTITY = "iPhone Developer";
				COPY_PHASE_STRIP = NO;
				DEBUG_INFORMATION_FORMAT = "dwarf-with-dsym";
				ENABLE_NS_ASSERTIONS = NO;
				ENABLE_STRICT_OBJC_MSGSEND = YES;
				GCC_C_LANGUAGE_STANDARD = gnu11;
				GCC_NO_COMMON_BLOCKS = YES;
				GCC_WARN_64_TO_32_BIT_CONVERSION = YES;
				GCC_WARN_ABOUT_RETURN_TYPE = YES_ERROR;
				GCC_WARN_UNDECLARED_SELECTOR = YES;
				GCC_WARN_UNINITIALIZED_AUTOS = YES_AGGRESSIVE;
				GCC_WARN_UNUSED_FUNCTION = YES;
				GCC_WARN_UNUSED_VARIABLE = YES;
				IPHONEOS_DEPLOYMENT_TARGET = 10.0;
				MTL_ENABLE_DEBUG_INFO = NO;
				SDKROOT = iphoneos;
				SWIFT_COMPILATION_MODE = wholemodule;
				SWIFT_OPTIMIZATION_LEVEL = "-O";
				VALIDATE_PRODUCT = YES;
			};
			name = Release;
		};
		39229A3520C443E80068F940 /* Debug */ = {
			isa = XCBuildConfiguration;
			buildSettings = {
				CODE_SIGN_STYLE = Automatic;
				DEVELOPMENT_TEAM = NAPA2R64DK;
				OTHER_LDFLAGS = "-ObjC";
				PRODUCT_NAME = "$(TARGET_NAME)";
				SKIP_INSTALL = YES;
				SWIFT_VERSION = 4.0;
				TARGETED_DEVICE_FAMILY = "1,2";
			};
			name = Debug;
		};
		39229A3620C443E80068F940 /* Release */ = {
			isa = XCBuildConfiguration;
			buildSettings = {
				CODE_SIGN_STYLE = Automatic;
				DEVELOPMENT_TEAM = NAPA2R64DK;
				OTHER_LDFLAGS = "-ObjC";
				PRODUCT_NAME = "$(TARGET_NAME)";
				SKIP_INSTALL = YES;
				SWIFT_VERSION = 4.0;
				TARGETED_DEVICE_FAMILY = "1,2";
			};
			name = Release;
		};
/* End XCBuildConfiguration section */

/* Begin XCConfigurationList section */
		39229A2820C443E80068F940 /* Build configuration list for PBXProject "ServiceManager" */ = {
			isa = XCConfigurationList;
			buildConfigurations = (
				39229A3220C443E80068F940 /* Debug */,
				39229A3320C443E80068F940 /* Release */,
			);
			defaultConfigurationIsVisible = 0;
			defaultConfigurationName = Release;
		};
		39229A3420C443E80068F940 /* Build configuration list for PBXNativeTarget "ServiceManager" */ = {
			isa = XCConfigurationList;
			buildConfigurations = (
				39229A3520C443E80068F940 /* Debug */,
				39229A3620C443E80068F940 /* Release */,
			);
			defaultConfigurationIsVisible = 0;
			defaultConfigurationName = Release;
		};
/* End XCConfigurationList section */
	};
	rootObject = 39229A2520C443E80068F940 /* Project object */;
}
